
Microsoft Visual Studio Solution File, Format Version 12.00
# Visual Studio Version 16
VisualStudioVersion = 16.0.30611.23
MinimumVisualStudioVersion = 10.0.40219.1
Project("{FAE04EC0-301F-11D3-BF4B-00C04F79EFBC}") = "LucasDelRio.AthosGoSoft.ConversorMoedas.Web", "LucasDelRio.AthosGoSoft.ConversorMoedas.Web\LucasDelRio.AthosGoSoft.ConversorMoedas.Web.csproj", "{DE093C65-BEFC-4C56-89B2-1E9874F3FA00}"
EndProject
Project("{FAE04EC0-301F-11D3-BF4B-00C04F79EFBC}") = "LucasDelRio.AthosGoSoft.ConversorMoedas.Service", "LucasDelRio.AthosGoSoft.ConversorMoedas.Service\LucasDelRio.AthosGoSoft.ConversorMoedas.Service.csproj", "{9CF7476B-B777-4CDA-99CF-190B8C5B313C}"
EndProject
Global
	GlobalSection(SolutionConfigurationPlatforms) = preSolution
		Debug|Any CPU = Debug|Any CPU
		Release|Any CPU = Release|Any CPU
	EndGlobalSection
	GlobalSection(ProjectConfigurationPlatforms) = postSolution
		{DE093C65-BEFC-4C56-89B2-1E9874F3FA00}.Debug|Any CPU.ActiveCfg = Debug|Any CPU
		{DE093C65-BEFC-4C56-89B2-1E9874F3FA00}.Debug|Any CPU.Build.0 = Debug|Any CPU
		{DE093C65-BEFC-4C56-89B2-1E9874F3FA00}.Release|Any CPU.ActiveCfg = Release|Any CPU
		{DE093C65-BEFC-4C56-89B2-1E9874F3FA00}.Release|Any CPU.Build.0 = Release|Any CPU
		{9CF7476B-B777-4CDA-99CF-190B8C5B313C}.Debug|Any CPU.ActiveCfg = Debug|Any CPU
		{9CF7476B-B777-4CDA-99CF-190B8C5B313C}.Debug|Any CPU.Build.0 = Debug|Any CPU
		{9CF7476B-B777-4CDA-99CF-190B8C5B313C}.Release|Any CPU.ActiveCfg = Release|Any CPU
		{9CF7476B-B777-4CDA-99CF-190B8C5B313C}.Release|Any CPU.Build.0 = Release|Any CPU
	EndGlobalSection
	GlobalSection(SolutionProperties) = preSolution
		HideSolutionNode = FALSE
	EndGlobalSection
	GlobalSection(ExtensibilityGlobals) = postSolution
		SolutionGuid = {B5464A0F-5612-406B-A3D1-D2A5F7FA7829}
	EndGlobalSection
EndGlobal
